
Microsoft Visual Studio Solution File, Format Version 12.00
# Visual Studio 14
VisualStudioVersion = 14.0.25420.1
MinimumVisualStudioVersion = 10.0.40219.1
Project("{FAE04EC0-301F-11D3-BF4B-00C04F79EFBC}") = "PartyInvites", "WebApplication5\PartyInvites.csproj", "{1DCF5259-8ED0-4F92-9250-D2841B6EB84C}"
EndProject
Project("{FAE04EC0-301F-11D3-BF4B-00C04F79EFBC}") = "WebApplication1", "WebApplication1\WebApplication1.csproj", "{02EE9F1C-96B5-41E6-A0C6-B1882BF441A8}"
EndProject
Project("{FAE04EC0-301F-11D3-BF4B-00C04F79EFBC}") = "EssentialTools", "EssentialTools\EssentialTools.csproj", "{6BCA40A6-25CF-407B-B06C-2E237D930CB9}"
EndProject
Global
	GlobalSection(SolutionConfigurationPlatforms) = preSolution
		Debug|Any CPU = Debug|Any CPU
		Release|Any CPU = Release|Any CPU
	EndGlobalSection
	GlobalSection(ProjectConfigurationPlatforms) = postSolution
		{1DCF5259-8ED0-4F92-9250-D2841B6EB84C}.Debug|Any CPU.ActiveCfg = Debug|Any CPU
		{1DCF5259-8ED0-4F92-9250-D2841B6EB84C}.Debug|Any CPU.Build.0 = Debug|Any CPU
		{1DCF5259-8ED0-4F92-9250-D2841B6EB84C}.Release|Any CPU.ActiveCfg = Release|Any CPU
		{1DCF5259-8ED0-4F92-9250-D2841B6EB84C}.Release|Any CPU.Build.0 = Release|Any CPU
		{02EE9F1C-96B5-41E6-A0C6-B1882BF441A8}.Debug|Any CPU.ActiveCfg = Debug|Any CPU
		{02EE9F1C-96B5-41E6-A0C6-B1882BF441A8}.Debug|Any CPU.Build.0 = Debug|Any CPU
		{02EE9F1C-96B5-41E6-A0C6-B1882BF441A8}.Release|Any CPU.ActiveCfg = Release|Any CPU
		{02EE9F1C-96B5-41E6-A0C6-B1882BF441A8}.Release|Any CPU.Build.0 = Release|Any CPU
		{6BCA40A6-25CF-407B-B06C-2E237D930CB9}.Debug|Any CPU.ActiveCfg = Debug|Any CPU
		{6BCA40A6-25CF-407B-B06C-2E237D930CB9}.Debug|Any CPU.Build.0 = Debug|Any CPU
		{6BCA40A6-25CF-407B-B06C-2E237D930CB9}.Release|Any CPU.ActiveCfg = Release|Any CPU
		{6BCA40A6-25CF-407B-B06C-2E237D930CB9}.Release|Any CPU.Build.0 = Release|Any CPU
	EndGlobalSection
	GlobalSection(SolutionProperties) = preSolution
		HideSolutionNode = FALSE
	EndGlobalSection
EndGlobal
